
Microsoft Visual Studio Solution File, Format Version 12.00
# Visual Studio 2012
Project("{FAE04EC0-301F-11D3-BF4B-00C04F79EFBC}") = "DataIntegrationService", "DataIntegrationService\DataIntegrationService.csproj", "{B812170D-EC29-42A5-8207-2D0D7FCADE0C}"
EndProject
Global
	GlobalSection(SolutionConfigurationPlatforms) = preSolution
		Debug|Any CPU = Debug|Any CPU
		Release|Any CPU = Release|Any CPU
	EndGlobalSection
	GlobalSection(ProjectConfigurationPlatforms) = postSolution
		{B812170D-EC29-42A5-8207-2D0D7FCADE0C}.Debug|Any CPU.ActiveCfg = Debug|Any CPU
		{B812170D-EC29-42A5-8207-2D0D7FCADE0C}.Debug|Any CPU.Build.0 = Debug|Any CPU
		{B812170D-EC29-42A5-8207-2D0D7FCADE0C}.Release|Any CPU.ActiveCfg = Release|Any CPU
		{B812170D-EC29-42A5-8207-2D0D7FCADE0C}.Release|Any CPU.Build.0 = Release|Any CPU
	EndGlobalSection
	GlobalSection(SolutionProperties) = preSolution
		HideSolutionNode = FALSE
	EndGlobalSection
EndGlobal
